// !$*UTF8*$!
{
	archiveVersion = 1;
	classes = {};
	objectVersion = 56;
	objects = {

		AA0000000000000000000001 /* NightwellApp.swift in Sources */ = {
			isa = PBXBuildFile;
			fileRef = AA0000000000000000000011 /* NightwellApp.swift */;
		};
		AA0000000000000000000002 /* ContentView.swift in Sources */ = {
			isa = PBXBuildFile;
			fileRef = AA0000000000000000000012 /* ContentView.swift */;
		};

		AA0000000000000000000010 = {
			isa = PBXGroup;
			children = (
				AA0000000000000000000011 /* NightwellApp.swift */,
				AA0000000000000000000012 /* ContentView.swift */,
			);
			path = Nightwell;
			sourceTree = "<group>";
		};

		AA0000000000000000000020 = {
			isa = PBXGroup;
			children = (
				AA0000000000000000000010,
				AA0000000000000000000030 /* Products */,
			);
			sourceTree = "<group>";
		};

		AA0000000000000000000030 = {
			isa = PBXGroup;
			children = ();
			name = Products;
			sourceTree = "<group>";
		};

		AA0000000000000000000011 = {
			isa = PBXFileReference;
			lastKnownFileType = sourcecode.swift;
			path = NightwellApp.swift;
			sourceTree = "<group>";
		};
		AA0000000000000000000012 = {
			isa = PBXFileReference;
			lastKnownFileType = sourcecode.swift;
			path = ContentView.swift;
			sourceTree = "<group>";
		};

		AA0000000000000000000040 = {
			isa = PBXNativeTarget;
			buildConfigurationList = AA0000000000000000000060;
			buildPhases = (
				AA0000000000000000000050,
				AA0000000000000000000051,
			);
			name = Nightwell;
			productName = Nightwell;
			productType = "com.apple.product-type.application";
		};

		AA0000000000000000000050 = {
			isa = PBXSourcesBuildPhase;
			buildActionMask = 2147483647;
			files = (
				AA0000000000000000000001,
				AA0000000000000000000002,
			);
			runOnlyForDeploymentPostprocessing = 0;
		};

		AA0000000000000000000051 = {
			isa = PBXFrameworksBuildPhase;
			buildActionMask = 2147483647;
			files = ();
			runOnlyForDeploymentPostprocessing = 0;
		};

		AA0000000000000000000070 = {
			isa = XCBuildConfiguration;
			buildSettings = {
				PRODUCT_BUNDLE_IDENTIFIER = com.nightwell.app;
				PRODUCT_NAME = Nightwell;
				SWIFT_VERSION = 5.0;
				IPHONEOS_DEPLOYMENT_TARGET = 17.0;
				TARGETED_DEVICE_FAMILY = 1;
				SDKROOT = iphoneos;
				SWIFT_EMIT_LOC_STRINGS = YES;
				GENERATE_INFOPLIST_FILE = YES;
				CURRENT_PROJECT_VERSION = 1;
				MARKETING_VERSION = 1.0;
				CODE_SIGNING_ALLOWED = NO;
			};
			name = Debug;
		};

		AA0000000000000000000071 = {
			isa = XCBuildConfiguration;
			buildSettings = {
				PRODUCT_BUNDLE_IDENTIFIER = com.nightwell.app;
				PRODUCT_NAME = Nightwell;
				SWIFT_VERSION = 5.0;
				IPHONEOS_DEPLOYMENT_TARGET = 17.0;
				TARGETED_DEVICE_FAMILY = 1;
				SDKROOT = iphoneos;
				SWIFT_EMIT_LOC_STRINGS = YES;
				GENERATE_INFOPLIST_FILE = YES;
				CURRENT_PROJECT_VERSION = 1;
				MARKETING_VERSION = 1.0;
				CODE_SIGNING_ALLOWED = NO;
			};
			name = Release;
		};

		AA0000000000000000000060 = {
			isa = XCConfigurationList;
			buildConfigurations = (
				AA0000000000000000000070,
				AA0000000000000000000071,
			);
			defaultConfigurationIsVisible = 0;
			defaultConfigurationName = Release;
		};

		AA0000000000000000000080 = {
			isa = PBXProject;
			buildConfigurationList = AA0000000000000000000090;
			compatibilityVersion = "Xcode 14.0";
			developmentRegion = en;
			knownRegions = (en);
			mainGroup = AA0000000000000000000020;
			productRefGroup = AA0000000000000000000030;
			targets = (AA0000000000000000000040);
		};

		AA0000000000000000000090 = {
			isa = XCConfigurationList;
			buildConfigurations = (
				AA0000000000000000000070,
				AA0000000000000000000071,
			);
			defaultConfigurationIsVisible = 0;
			defaultConfigurationName = Release;
		};
	};
	rootObject = AA0000000000000000000080;
}
